
Microsoft Visual Studio Solution File, Format Version 12.00
# Visual Studio Version 17
VisualStudioVersion = 17.6.33801.468
MinimumVisualStudioVersion = 10.0.40219.1
Project("{FAE04EC0-301F-11D3-BF4B-00C04F79EFBC}") = "CPSC440_F2023_Project", "CPSC440_F2023_Project.csproj", "{7180370C-9E5F-46BE-A115-68E1187B00CA}"
EndProject
Global
	GlobalSection(SolutionConfigurationPlatforms) = preSolution
		Debug|Any CPU = Debug|Any CPU
		Release|Any CPU = Release|Any CPU
	EndGlobalSection
	GlobalSection(ProjectConfigurationPlatforms) = postSolution
		{7180370C-9E5F-46BE-A115-68E1187B00CA}.Debug|Any CPU.ActiveCfg = Debug|Any CPU
		{7180370C-9E5F-46BE-A115-68E1187B00CA}.Debug|Any CPU.Build.0 = Debug|Any CPU
		{7180370C-9E5F-46BE-A115-68E1187B00CA}.Release|Any CPU.ActiveCfg = Release|Any CPU
		{7180370C-9E5F-46BE-A115-68E1187B00CA}.Release|Any CPU.Build.0 = Release|Any CPU
	EndGlobalSection
	GlobalSection(SolutionProperties) = preSolution
		HideSolutionNode = FALSE
	EndGlobalSection
	GlobalSection(ExtensibilityGlobals) = postSolution
		SolutionGuid = {E5254671-9683-4361-996C-3824A0C33202}
	EndGlobalSection
EndGlobal
